<Solution>
  <Folder Name="/src/">
    <Project Path="src/FlexCatalog.Api/FlexCatalog.Api.csproj" />
    <Project Path="src/FlexCatalog.Contracts/FlexCatalog.Contracts.csproj" />
    <Project Path="src/FlexCatalog.InventoryProjector/FlexCatalog.InventoryProjector.csproj" />
    <Project Path="src/FlexCatalog.SearchIndexer/FlexCatalog.SearchIndexer.csproj" />
  </Folder>
  <Folder Name="/tests/">
    <Project Path="tests/FlexCatalog.IntegrationTests/FlexCatalog.IntegrationTests.csproj" />
    <Project Path="tests/FlexCatalog.UnitTests/FlexCatalog.UnitTests.csproj" />
  </Folder>
</Solution>
